// !$*UTF8*$!
{
	archiveVersion = 1;
	classes = {
	};
	objectVersion = 51;
	objects = {

/* Begin PBXBuildFile section */
		2467A8747BF6557031FAEF87 /* Pods_TimerReminder.framework in Frameworks */ = {isa = PBXBuildFile; fileRef = 79CA6FEE5CF6A6DF96E63943 /* Pods_TimerReminder.framework */; };
		5A013757245EC659001A1DEE /* TimerOptionsObject.swift in Sources */ = {isa = PBXBuildFile; fileRef = 5A013756245EC659001A1DEE /* TimerOptionsObject.swift */; };
		5A015F0C1D4DA8530032BB59 /* beep.mp3 in Resources */ = {isa = PBXBuildFile; fileRef = 5A015F0B1D4DA8530032BB59 /* beep.mp3 */; };
		5A0167621D6143110035021F /* Radar.mp3 in Resources */ = {isa = PBXBuildFile; fileRef = 5A0167611D6143110035021F /* Radar.mp3 */; };
		5A020B6C1D62980300CB6DD5 /* Waves.mp3 in Resources */ = {isa = PBXBuildFile; fileRef = 5A020B631D62980300CB6DD5 /* Waves.mp3 */; };
		5A020B6D1D62980300CB6DD5 /* Radiate.mp3 in Resources */ = {isa = PBXBuildFile; fileRef = 5A020B641D62980300CB6DD5 /* Radiate.mp3 */; };
		5A020B6E1D62980300CB6DD5 /* Night Owl.mp3 in Resources */ = {isa = PBXBuildFile; fileRef = 5A020B651D62980300CB6DD5 /* Night Owl.mp3 */; };
		5A020B6F1D62980300CB6DD5 /* Circuit.mp3 in Resources */ = {isa = PBXBuildFile; fileRef = 5A020B661D62980300CB6DD5 /* Circuit.mp3 */; };
		5A020B701D62980300CB6DD5 /* Sencha.mp3 in Resources */ = {isa = PBXBuildFile; fileRef = 5A020B671D62980300CB6DD5 /* Sencha.mp3 */; };
		5A020B711D62980300CB6DD5 /* Cosmic.mp3 in Resources */ = {isa = PBXBuildFile; fileRef = 5A020B681D62980300CB6DD5 /* Cosmic.mp3 */; };
		5A020B721D62980300CB6DD5 /* Presto.mp3 in Resources */ = {isa = PBXBuildFile; fileRef = 5A020B691D62980300CB6DD5 /* Presto.mp3 */; };
		5A020B731D62980300CB6DD5 /* Beacon.mp3 in Resources */ = {isa = PBXBuildFile; fileRef = 5A020B6A1D62980300CB6DD5 /* Beacon.mp3 */; };
		5A020B741D62980300CB6DD5 /* Hillside.mp3 in Resources */ = {isa = PBXBuildFile; fileRef = 5A020B6B1D62980300CB6DD5 /* Hillside.mp3 */; };
		5A020B7B1D63472C00CB6DD5 /* Localizable.strings in Resources */ = {isa = PBXBuildFile; fileRef = 5A020B7D1D63472C00CB6DD5 /* Localizable.strings */; };
		5A0334EB244C53AA00A6F71F /* Timer.swift in Sources */ = {isa = PBXBuildFile; fileRef = 5A0334EA244C53AA00A6F71F /* Timer.swift */; };
		5A0334ED244C54FB00A6F71F /* TimerOptions.swift in Sources */ = {isa = PBXBuildFile; fileRef = 5A0334EC244C54FB00A6F71F /* TimerOptions.swift */; };
		5A0334EF244C6B6900A6F71F /* TimerViewController.swift in Sources */ = {isa = PBXBuildFile; fileRef = 5A0334EE244C6B6900A6F71F /* TimerViewController.swift */; };
		5A0334F1244C6D5F00A6F71F /* Helper.swift in Sources */ = {isa = PBXBuildFile; fileRef = 5A0334F0244C6D5F00A6F71F /* Helper.swift */; };
		5A034989244DA86E00AEB002 /* SetTimerView.swift in Sources */ = {isa = PBXBuildFile; fileRef = 5A034988244DA86E00AEB002 /* SetTimerView.swift */; };
		5A067CB91D4490A500238AF5 /* AppDelegate.swift in Sources */ = {isa = PBXBuildFile; fileRef = 5A067CB81D4490A500238AF5 /* AppDelegate.swift */; };
		5A067CBE1D4490A500238AF5 /* Main.storyboard in Resources */ = {isa = PBXBuildFile; fileRef = 5A067CBC1D4490A500238AF5 /* Main.storyboard */; };
		5A067CC11D4490A500238AF5 /* TimerReminder.xcdatamodeld in Sources */ = {isa = PBXBuildFile; fileRef = 5A067CBF1D4490A500238AF5 /* TimerReminder.xcdatamodeld */; };
		5A067CC31D4490A500238AF5 /* Assets.xcassets in Resources */ = {isa = PBXBuildFile; fileRef = 5A067CC21D4490A500238AF5 /* Assets.xcassets */; };
		5A067CC61D4490A500238AF5 /* LaunchScreen.storyboard in Resources */ = {isa = PBXBuildFile; fileRef = 5A067CC41D4490A500238AF5 /* LaunchScreen.storyboard */; };
		5A08CF3D2483B667001E206A /* OptionsEditorVC+Form.swift in Sources */ = {isa = PBXBuildFile; fileRef = 5A08CF3C2483B667001E206A /* OptionsEditorVC+Form.swift */; };
		5A0C2FB32465836B007378B6 /* MySlideViewController.swift in Sources */ = {isa = PBXBuildFile; fileRef = 5A0C2FB22465836B007378B6 /* MySlideViewController.swift */; };
		5A0C2FB524658621007378B6 /* OptionsEditorViewController.swift in Sources */ = {isa = PBXBuildFile; fileRef = 5A0C2FB424658621007378B6 /* OptionsEditorViewController.swift */; };
		5A0C2FB724659F94007378B6 /* TimerOptionsListViewController.swift in Sources */ = {isa = PBXBuildFile; fileRef = 5A0C2FB624659F94007378B6 /* TimerOptionsListViewController.swift */; };
		5A0D539D2487A59400568C31 /* TimerOptionsEnums.swift in Sources */ = {isa = PBXBuildFile; fileRef = 5A0D539C2487A59300568C31 /* TimerOptionsEnums.swift */; };
		5A0F7E8A2473D73100F3DE6D /* TimeIntervalPickerController.swift in Sources */ = {isa = PBXBuildFile; fileRef = 5A0F7E892473D73100F3DE6D /* TimeIntervalPickerController.swift */; };
		5A11C6FA247A7D140082302E /* TimerSoundEffectPlayer.swift in Sources */ = {isa = PBXBuildFile; fileRef = 5A11C6F9247A7D140082302E /* TimerSoundEffectPlayer.swift */; };
		5A11E034247FBA9C00D9A2F3 /* TimerOptionsManager.swift in Sources */ = {isa = PBXBuildFile; fileRef = 5A11E033247FBA9C00D9A2F3 /* TimerOptionsManager.swift */; };
		5A1636C32475151F00B6BD33 /* TimeIntervalRow.swift in Sources */ = {isa = PBXBuildFile; fileRef = 5A1636C22475151F00B6BD33 /* TimeIntervalRow.swift */; };
		5A25568D248B8D4800BAEFD2 /* SecretStuff.swift in Sources */ = {isa = PBXBuildFile; fileRef = 5A25568C248B8D4800BAEFD2 /* SecretStuff.swift */; };
		5A25568F248B8E7100BAEFD2 /* GoogleService-Info.plist in Resources */ = {isa = PBXBuildFile; fileRef = 5A25568E248B8E7100BAEFD2 /* GoogleService-Info.plist */; };
		5A39D1E224976E89008EE4EB /* AnalogClockView.swift in Sources */ = {isa = PBXBuildFile; fileRef = 5A39D1E124976E89008EE4EB /* AnalogClockView.swift */; };
		5AFF72AD1D6610B00031429E /* InfoPlist.strings in Resources */ = {isa = PBXBuildFile; fileRef = 5AFF72AF1D6610B00031429E /* InfoPlist.strings */; };
/* End PBXBuildFile section */

/* Begin PBXFileReference section */
		3BF493DE68A022FAB9B68EB3 /* Pods-TimerReminder.release.xcconfig */ = {isa = PBXFileReference; includeInIndex = 1; lastKnownFileType = text.xcconfig; name = "Pods-TimerReminder.release.xcconfig"; path = "Pods/Target Support Files/Pods-TimerReminder/Pods-TimerReminder.release.xcconfig"; sourceTree = "<group>"; };
		5A013756245EC659001A1DEE /* TimerOptionsObject.swift */ = {isa = PBXFileReference; lastKnownFileType = sourcecode.swift; path = TimerOptionsObject.swift; sourceTree = "<group>"; };
		5A015F0B1D4DA8530032BB59 /* beep.mp3 */ = {isa = PBXFileReference; lastKnownFileType = audio.mp3; path = beep.mp3; sourceTree = "<group>"; };
		5A0167611D6143110035021F /* Radar.mp3 */ = {isa = PBXFileReference; lastKnownFileType = audio.mp3; path = Radar.mp3; sourceTree = "<group>"; };
		5A020B631D62980300CB6DD5 /* Waves.mp3 */ = {isa = PBXFileReference; lastKnownFileType = audio.mp3; path = Waves.mp3; sourceTree = "<group>"; };
		5A020B641D62980300CB6DD5 /* Radiate.mp3 */ = {isa = PBXFileReference; lastKnownFileType = audio.mp3; path = Radiate.mp3; sourceTree = "<group>"; };
		5A020B651D62980300CB6DD5 /* Night Owl.mp3 */ = {isa = PBXFileReference; lastKnownFileType = audio.mp3; path = "Night Owl.mp3"; sourceTree = "<group>"; };
		5A020B661D62980300CB6DD5 /* Circuit.mp3 */ = {isa = PBXFileReference; lastKnownFileType = audio.mp3; path = Circuit.mp3; sourceTree = "<group>"; };
		5A020B671D62980300CB6DD5 /* Sencha.mp3 */ = {isa = PBXFileReference; lastKnownFileType = audio.mp3; path = Sencha.mp3; sourceTree = "<group>"; };
		5A020B681D62980300CB6DD5 /* Cosmic.mp3 */ = {isa = PBXFileReference; lastKnownFileType = audio.mp3; path = Cosmic.mp3; sourceTree = "<group>"; };
		5A020B691D62980300CB6DD5 /* Presto.mp3 */ = {isa = PBXFileReference; lastKnownFileType = audio.mp3; path = Presto.mp3; sourceTree = "<group>"; };
		5A020B6A1D62980300CB6DD5 /* Beacon.mp3 */ = {isa = PBXFileReference; lastKnownFileType = audio.mp3; path = Beacon.mp3; sourceTree = "<group>"; };
		5A020B6B1D62980300CB6DD5 /* Hillside.mp3 */ = {isa = PBXFileReference; lastKnownFileType = audio.mp3; path = Hillside.mp3; sourceTree = "<group>"; };
		5A020B751D63463900CB6DD5 /* zh-Hans */ = {isa = PBXFileReference; lastKnownFileType = text.plist.strings; name = "zh-Hans"; path = "zh-Hans.lproj/Main.strings"; sourceTree = "<group>"; };
		5A020B761D63463900CB6DD5 /* zh-Hans */ = {isa = PBXFileReference; lastKnownFileType = text.plist.strings; name = "zh-Hans"; path = "zh-Hans.lproj/LaunchScreen.strings"; sourceTree = "<group>"; };
		5A020B771D63464100CB6DD5 /* zh-Hant */ = {isa = PBXFileReference; lastKnownFileType = text.plist.strings; name = "zh-Hant"; path = "zh-Hant.lproj/Main.strings"; sourceTree = "<group>"; };
		5A020B781D63464100CB6DD5 /* zh-Hant */ = {isa = PBXFileReference; lastKnownFileType = text.plist.strings; name = "zh-Hant"; path = "zh-Hant.lproj/LaunchScreen.strings"; sourceTree = "<group>"; };
		5A020B7C1D63472C00CB6DD5 /* en */ = {isa = PBXFileReference; lastKnownFileType = text.plist.strings; name = en; path = en.lproj/Localizable.strings; sourceTree = "<group>"; };
		5A020B7E1D63472D00CB6DD5 /* zh-Hans */ = {isa = PBXFileReference; lastKnownFileType = text.plist.strings; name = "zh-Hans"; path = "zh-Hans.lproj/Localizable.strings"; sourceTree = "<group>"; };
		5A020B7F1D63472F00CB6DD5 /* zh-Hant */ = {isa = PBXFileReference; lastKnownFileType = text.plist.strings; name = "zh-Hant"; path = "zh-Hant.lproj/Localizable.strings"; sourceTree = "<group>"; };
		5A0334EA244C53AA00A6F71F /* Timer.swift */ = {isa = PBXFileReference; lastKnownFileType = sourcecode.swift; path = Timer.swift; sourceTree = "<group>"; };
		5A0334EC244C54FB00A6F71F /* TimerOptions.swift */ = {isa = PBXFileReference; lastKnownFileType = sourcecode.swift; path = TimerOptions.swift; sourceTree = "<group>"; };
		5A0334EE244C6B6900A6F71F /* TimerViewController.swift */ = {isa = PBXFileReference; lastKnownFileType = sourcecode.swift; path = TimerViewController.swift; sourceTree = "<group>"; };
		5A0334F0244C6D5F00A6F71F /* Helper.swift */ = {isa = PBXFileReference; lastKnownFileType = sourcecode.swift; path = Helper.swift; sourceTree = "<group>"; };
		5A034988244DA86E00AEB002 /* SetTimerView.swift */ = {isa = PBXFileReference; lastKnownFileType = sourcecode.swift; path = SetTimerView.swift; sourceTree = "<group>"; };
		5A067CB51D4490A500238AF5 /* TimerReminder.app */ = {isa = PBXFileReference; explicitFileType = wrapper.application; includeInIndex = 0; path = TimerReminder.app; sourceTree = BUILT_PRODUCTS_DIR; };
		5A067CB81D4490A500238AF5 /* AppDelegate.swift */ = {isa = PBXFileReference; lastKnownFileType = sourcecode.swift; path = AppDelegate.swift; sourceTree = "<group>"; };
		5A067CBD1D4490A500238AF5 /* Base */ = {isa = PBXFileReference; lastKnownFileType = file.storyboard; name = Base; path = Base.lproj/Main.storyboard; sourceTree = "<group>"; };
		5A067CC01D4490A500238AF5 /* TimerReminder.xcdatamodel */ = {isa = PBXFileReference; lastKnownFileType = wrapper.xcdatamodel; path = TimerReminder.xcdatamodel; sourceTree = "<group>"; };
		5A067CC21D4490A500238AF5 /* Assets.xcassets */ = {isa = PBXFileReference; lastKnownFileType = folder.assetcatalog; path = Assets.xcassets; sourceTree = "<group>"; };
		5A067CC51D4490A500238AF5 /* Base */ = {isa = PBXFileReference; lastKnownFileType = file.storyboard; name = Base; path = Base.lproj/LaunchScreen.storyboard; sourceTree = "<group>"; };
		5A067CC71D4490A500238AF5 /* Info.plist */ = {isa = PBXFileReference; lastKnownFileType = text.plist.xml; path = Info.plist; sourceTree = "<group>"; };
		5A08CF3C2483B667001E206A /* OptionsEditorVC+Form.swift */ = {isa = PBXFileReference; lastKnownFileType = sourcecode.swift; path = "OptionsEditorVC+Form.swift"; sourceTree = "<group>"; };
		5A0C2FB22465836B007378B6 /* MySlideViewController.swift */ = {isa = PBXFileReference; lastKnownFileType = sourcecode.swift; path = MySlideViewController.swift; sourceTree = "<group>"; };
		5A0C2FB424658621007378B6 /* OptionsEditorViewController.swift */ = {isa = PBXFileReference; lastKnownFileType = sourcecode.swift; path = OptionsEditorViewController.swift; sourceTree = "<group>"; };
		5A0C2FB624659F94007378B6 /* TimerOptionsListViewController.swift */ = {isa = PBXFileReference; lastKnownFileType = sourcecode.swift; path = TimerOptionsListViewController.swift; sourceTree = "<group>"; };
		5A0D539C2487A59300568C31 /* TimerOptionsEnums.swift */ = {isa = PBXFileReference; lastKnownFileType = sourcecode.swift; path = TimerOptionsEnums.swift; sourceTree = "<group>"; };
		5A0F7E892473D73100F3DE6D /* TimeIntervalPickerController.swift */ = {isa = PBXFileReference; lastKnownFileType = sourcecode.swift; path = TimeIntervalPickerController.swift; sourceTree = "<group>"; };
		5A11C6F9247A7D140082302E /* TimerSoundEffectPlayer.swift */ = {isa = PBXFileReference; lastKnownFileType = sourcecode.swift; path = TimerSoundEffectPlayer.swift; sourceTree = "<group>"; };
		5A11E033247FBA9C00D9A2F3 /* TimerOptionsManager.swift */ = {isa = PBXFileReference; lastKnownFileType = sourcecode.swift; path = TimerOptionsManager.swift; sourceTree = "<group>"; };
		5A1636C22475151F00B6BD33 /* TimeIntervalRow.swift */ = {isa = PBXFileReference; lastKnownFileType = sourcecode.swift; path = TimeIntervalRow.swift; sourceTree = "<group>"; };
		5A168E0E1E2CFB1B007F698C /* MLScreenshot.framework */ = {isa = PBXFileReference; lastKnownFileType = wrapper.framework; name = MLScreenshot.framework; path = "../../Library/Developer/Xcode/DerivedData/TimerReminder-bvmyauthgubzckdlqbnmnadyvuye/Build/Products/Debug-iphonesimulator/MLScreenshot/MLScreenshot.framework"; sourceTree = "<group>"; };
		5A168E0F1E2CFB1B007F698C /* SwiftyUtils.framework */ = {isa = PBXFileReference; lastKnownFileType = wrapper.framework; name = SwiftyUtils.framework; path = "Pods/../build/Debug-iphoneos/SwiftyUtils/SwiftyUtils.framework"; sourceTree = "<group>"; };
		5A16C0341E2E0E6300D1DE46 /* SlideMenuControllerSwift.framework */ = {isa = PBXFileReference; lastKnownFileType = wrapper.framework; name = SlideMenuControllerSwift.framework; path = "Pods/../build/Debug-iphoneos/SlideMenuControllerSwift/SlideMenuControllerSwift.framework"; sourceTree = "<group>"; };
		5A19FDD51DB94CF70022F794 /* ASToast.framework */ = {isa = PBXFileReference; lastKnownFileType = wrapper.framework; name = ASToast.framework; path = "../../Library/Developer/Xcode/DerivedData/TimerReminder-bvmyauthgubzckdlqbnmnadyvuye/Build/Products/Debug-iphonesimulator/ASToast/ASToast.framework"; sourceTree = "<group>"; };
		5A19FDD61DB94CF70022F794 /* Eureka.framework */ = {isa = PBXFileReference; lastKnownFileType = wrapper.framework; name = Eureka.framework; path = "../../Library/Developer/Xcode/DerivedData/TimerReminder-bvmyauthgubzckdlqbnmnadyvuye/Build/Products/Debug-iphonesimulator/Eureka/Eureka.framework"; sourceTree = "<group>"; };
		5A19FDD71DB94CF70022F794 /* EZSwiftExtensions.framework */ = {isa = PBXFileReference; lastKnownFileType = wrapper.framework; name = EZSwiftExtensions.framework; path = "../../Library/Developer/Xcode/DerivedData/TimerReminder-bvmyauthgubzckdlqbnmnadyvuye/Build/Products/Debug-iphonesimulator/EZSwiftExtensions/EZSwiftExtensions.framework"; sourceTree = "<group>"; };
		5A19FDD81DB94CF70022F794 /* FittableFontLabel.framework */ = {isa = PBXFileReference; lastKnownFileType = wrapper.framework; name = FittableFontLabel.framework; path = "../../Library/Developer/Xcode/DerivedData/TimerReminder-bvmyauthgubzckdlqbnmnadyvuye/Build/Products/Debug-iphonesimulator/FittableFontLabel/FittableFontLabel.framework"; sourceTree = "<group>"; };
		5A19FDD91DB94CF70022F794 /* ISHHoverBar.framework */ = {isa = PBXFileReference; lastKnownFileType = wrapper.framework; name = ISHHoverBar.framework; path = "../../Library/Developer/Xcode/DerivedData/TimerReminder-bvmyauthgubzckdlqbnmnadyvuye/Build/Products/Debug-iphonesimulator/ISHHoverBar/ISHHoverBar.framework"; sourceTree = "<group>"; };
		5A19FDDA1DB94CF70022F794 /* LTMorphingLabel.framework */ = {isa = PBXFileReference; lastKnownFileType = wrapper.framework; name = LTMorphingLabel.framework; path = "../../Library/Developer/Xcode/DerivedData/TimerReminder-bvmyauthgubzckdlqbnmnadyvuye/Build/Products/Debug-iphonesimulator/LTMorphingLabel/LTMorphingLabel.framework"; sourceTree = "<group>"; };
		5A19FDDB1DB94CF70022F794 /* MGSwipeTableCell.framework */ = {isa = PBXFileReference; lastKnownFileType = wrapper.framework; name = MGSwipeTableCell.framework; path = "../../Library/Developer/Xcode/DerivedData/TimerReminder-bvmyauthgubzckdlqbnmnadyvuye/Build/Products/Debug-iphonesimulator/MGSwipeTableCell/MGSwipeTableCell.framework"; sourceTree = "<group>"; };
		5A19FDDC1DB94CF70022F794 /* MVSpeechSynthesizer.framework */ = {isa = PBXFileReference; lastKnownFileType = wrapper.framework; name = MVSpeechSynthesizer.framework; path = "../../Library/Developer/Xcode/DerivedData/TimerReminder-bvmyauthgubzckdlqbnmnadyvuye/Build/Products/Debug-iphonesimulator/MVSpeechSynthesizer/MVSpeechSynthesizer.framework"; sourceTree = "<group>"; };
		5A19FDDD1DB94CF70022F794 /* RWDropdownMenu.framework */ = {isa = PBXFileReference; lastKnownFileType = wrapper.framework; name = RWDropdownMenu.framework; path = "../../Library/Developer/Xcode/DerivedData/TimerReminder-bvmyauthgubzckdlqbnmnadyvuye/Build/Products/Debug-iphonesimulator/RWDropdownMenu/RWDropdownMenu.framework"; sourceTree = "<group>"; };
		5A19FDDE1DB94CF70022F794 /* SwiftyJSON.framework */ = {isa = PBXFileReference; lastKnownFileType = wrapper.framework; name = SwiftyJSON.framework; path = "../../Library/Developer/Xcode/DerivedData/TimerReminder-bvmyauthgubzckdlqbnmnadyvuye/Build/Products/Debug-iphonesimulator/SwiftyJSON/SwiftyJSON.framework"; sourceTree = "<group>"; };
		5A1C1BFC1DBF69120009162D /* DropDown.framework */ = {isa = PBXFileReference; lastKnownFileType = wrapper.framework; name = DropDown.framework; path = "../../Library/Developer/Xcode/DerivedData/TimerReminder-bvmyauthgubzckdlqbnmnadyvuye/Build/Products/Debug-iphonesimulator/DropDown/DropDown.framework"; sourceTree = "<group>"; };
		5A25568C248B8D4800BAEFD2 /* SecretStuff.swift */ = {isa = PBXFileReference; lastKnownFileType = sourcecode.swift; path = SecretStuff.swift; sourceTree = "<group>"; };
		5A25568E248B8E7100BAEFD2 /* GoogleService-Info.plist */ = {isa = PBXFileReference; fileEncoding = 4; lastKnownFileType = text.plist.xml; path = "GoogleService-Info.plist"; sourceTree = "<group>"; };
		5A39D1E124976E89008EE4EB /* AnalogClockView.swift */ = {isa = PBXFileReference; lastKnownFileType = sourcecode.swift; path = AnalogClockView.swift; sourceTree = "<group>"; };
		5A46676A1E2D032100132B56 /* ImageScrollView.framework */ = {isa = PBXFileReference; lastKnownFileType = wrapper.framework; name = ImageScrollView.framework; path = "Pods/../build/Debug-iphoneos/ImageScrollView/ImageScrollView.framework"; sourceTree = "<group>"; };
		5AC14D551E1B33D400448123 /* TimerReminder 3.xcdatamodel */ = {isa = PBXFileReference; lastKnownFileType = wrapper.xcdatamodel; path = "TimerReminder 3.xcdatamodel"; sourceTree = "<group>"; };
		5AFEF2FB1D6833DC00176303 /* TimerReminder 2.xcdatamodel */ = {isa = PBXFileReference; lastKnownFileType = wrapper.xcdatamodel; path = "TimerReminder 2.xcdatamodel"; sourceTree = "<group>"; };
		5AFF72A81D65BBA80031429E /* ja */ = {isa = PBXFileReference; lastKnownFileType = text.plist.strings; name = ja; path = ja.lproj/Main.strings; sourceTree = "<group>"; };
		5AFF72A91D65BBA80031429E /* ja */ = {isa = PBXFileReference; lastKnownFileType = text.plist.strings; name = ja; path = ja.lproj/LaunchScreen.strings; sourceTree = "<group>"; };
		5AFF72AA1D65BBA80031429E /* ja */ = {isa = PBXFileReference; lastKnownFileType = text.plist.strings; name = ja; path = ja.lproj/Localizable.strings; sourceTree = "<group>"; };
		5AFF72AE1D6610B00031429E /* en */ = {isa = PBXFileReference; lastKnownFileType = text.plist.strings; name = en; path = en.lproj/InfoPlist.strings; sourceTree = "<group>"; };
		5AFF72B01D6611260031429E /* zh-Hans */ = {isa = PBXFileReference; lastKnownFileType = text.plist.strings; name = "zh-Hans"; path = "zh-Hans.lproj/InfoPlist.strings"; sourceTree = "<group>"; };
		5AFF72B11D6611290031429E /* zh-Hant */ = {isa = PBXFileReference; lastKnownFileType = text.plist.strings; name = "zh-Hant"; path = "zh-Hant.lproj/InfoPlist.strings"; sourceTree = "<group>"; };
		5AFF72B21D66112A0031429E /* ja */ = {isa = PBXFileReference; lastKnownFileType = text.plist.strings; name = ja; path = ja.lproj/InfoPlist.strings; sourceTree = "<group>"; };
		79CA6FEE5CF6A6DF96E63943 /* Pods_TimerReminder.framework */ = {isa = PBXFileReference; explicitFileType = wrapper.framework; includeInIndex = 0; path = Pods_TimerReminder.framework; sourceTree = BUILT_PRODUCTS_DIR; };
		F2B46CF811E1968BC84D25D0 /* Pods-TimerReminder.debug.xcconfig */ = {isa = PBXFileReference; includeInIndex = 1; lastKnownFileType = text.xcconfig; name = "Pods-TimerReminder.debug.xcconfig"; path = "Pods/Target Support Files/Pods-TimerReminder/Pods-TimerReminder.debug.xcconfig"; sourceTree = "<group>"; };
/* End PBXFileReference section */

/* Begin PBXFrameworksBuildPhase section */
		5A067CB21D4490A500238AF5 /* Frameworks */ = {
			isa = PBXFrameworksBuildPhase;
			buildActionMask = 2147483647;
			files = (
				2467A8747BF6557031FAEF87 /* Pods_TimerReminder.framework in Frameworks */,
			);
			runOnlyForDeploymentPostprocessing = 0;
		};
/* End PBXFrameworksBuildPhase section */

/* Begin PBXGroup section */
		5A067CAC1D4490A500238AF5 = {
			isa = PBXGroup;
			children = (
				5A067CB71D4490A500238AF5 /* TimerReminder */,
				5A067CB61D4490A500238AF5 /* Products */,
				F7E084DFAF08D18824FDF3A0 /* Frameworks */,
				A057F0958BFEBE17315DFE68 /* Pods */,
			);
			sourceTree = "<group>";
		};
		5A067CB61D4490A500238AF5 /* Products */ = {
			isa = PBXGroup;
			children = (
				5A067CB51D4490A500238AF5 /* TimerReminder.app */,
			);
			name = Products;
			sourceTree = "<group>";
		};
		5A067CB71D4490A500238AF5 /* TimerReminder */ = {
			isa = PBXGroup;
			children = (
				5A25568E248B8E7100BAEFD2 /* GoogleService-Info.plist */,
				5A015F0B1D4DA8530032BB59 /* beep.mp3 */,
				5A0167611D6143110035021F /* Radar.mp3 */,
				5A020B631D62980300CB6DD5 /* Waves.mp3 */,
				5A020B641D62980300CB6DD5 /* Radiate.mp3 */,
				5A020B651D62980300CB6DD5 /* Night Owl.mp3 */,
				5A020B661D62980300CB6DD5 /* Circuit.mp3 */,
				5A020B671D62980300CB6DD5 /* Sencha.mp3 */,
				5A020B681D62980300CB6DD5 /* Cosmic.mp3 */,
				5A020B691D62980300CB6DD5 /* Presto.mp3 */,
				5A020B6A1D62980300CB6DD5 /* Beacon.mp3 */,
				5A020B6B1D62980300CB6DD5 /* Hillside.mp3 */,
				5A067CB81D4490A500238AF5 /* AppDelegate.swift */,
				5A0334F0244C6D5F00A6F71F /* Helper.swift */,
				5A0334EA244C53AA00A6F71F /* Timer.swift */,
				5A11C6F9247A7D140082302E /* TimerSoundEffectPlayer.swift */,
				5A0334EC244C54FB00A6F71F /* TimerOptions.swift */,
				5A0D539C2487A59300568C31 /* TimerOptionsEnums.swift */,
				5A013756245EC659001A1DEE /* TimerOptionsObject.swift */,
				5A11E033247FBA9C00D9A2F3 /* TimerOptionsManager.swift */,
				5A25568C248B8D4800BAEFD2 /* SecretStuff.swift */,
				5A034988244DA86E00AEB002 /* SetTimerView.swift */,
				5A39D1E124976E89008EE4EB /* AnalogClockView.swift */,
				5A1636C22475151F00B6BD33 /* TimeIntervalRow.swift */,
				5A0334EE244C6B6900A6F71F /* TimerViewController.swift */,
				5A0C2FB22465836B007378B6 /* MySlideViewController.swift */,
				5A0C2FB424658621007378B6 /* OptionsEditorViewController.swift */,
				5A08CF3C2483B667001E206A /* OptionsEditorVC+Form.swift */,
				5A0C2FB624659F94007378B6 /* TimerOptionsListViewController.swift */,
				5A0F7E892473D73100F3DE6D /* TimeIntervalPickerController.swift */,
				5A067CBC1D4490A500238AF5 /* Main.storyboard */,
				5A067CC21D4490A500238AF5 /* Assets.xcassets */,
				5A067CC41D4490A500238AF5 /* LaunchScreen.storyboard */,
				5A020B7D1D63472C00CB6DD5 /* Localizable.strings */,
				5A067CC71D4490A500238AF5 /* Info.plist */,
				5AFF72AF1D6610B00031429E /* InfoPlist.strings */,
				5A067CBF1D4490A500238AF5 /* TimerReminder.xcdatamodeld */,
			);
			path = TimerReminder;
			sourceTree = "<group>";
		};
		A057F0958BFEBE17315DFE68 /* Pods */ = {
			isa = PBXGroup;
			children = (
				F2B46CF811E1968BC84D25D0 /* Pods-TimerReminder.debug.xcconfig */,
				3BF493DE68A022FAB9B68EB3 /* Pods-TimerReminder.release.xcconfig */,
			);
			name = Pods;
			sourceTree = "<group>";
		};
		F7E084DFAF08D18824FDF3A0 /* Frameworks */ = {
			isa = PBXGroup;
			children = (
				5A16C0341E2E0E6300D1DE46 /* SlideMenuControllerSwift.framework */,
				5A46676A1E2D032100132B56 /* ImageScrollView.framework */,
				5A168E0E1E2CFB1B007F698C /* MLScreenshot.framework */,
				5A168E0F1E2CFB1B007F698C /* SwiftyUtils.framework */,
				5A1C1BFC1DBF69120009162D /* DropDown.framework */,
				5A19FDD51DB94CF70022F794 /* ASToast.framework */,
				5A19FDD61DB94CF70022F794 /* Eureka.framework */,
				5A19FDD71DB94CF70022F794 /* EZSwiftExtensions.framework */,
				5A19FDD81DB94CF70022F794 /* FittableFontLabel.framework */,
				5A19FDD91DB94CF70022F794 /* ISHHoverBar.framework */,
				5A19FDDA1DB94CF70022F794 /* LTMorphingLabel.framework */,
				5A19FDDB1DB94CF70022F794 /* MGSwipeTableCell.framework */,
				5A19FDDC1DB94CF70022F794 /* MVSpeechSynthesizer.framework */,
				5A19FDDD1DB94CF70022F794 /* RWDropdownMenu.framework */,
				5A19FDDE1DB94CF70022F794 /* SwiftyJSON.framework */,
				79CA6FEE5CF6A6DF96E63943 /* Pods_TimerReminder.framework */,
			);
			name = Frameworks;
			sourceTree = "<group>";
		};
/* End PBXGroup section */

/* Begin PBXNativeTarget section */
		5A067CB41D4490A500238AF5 /* TimerReminder */ = {
			isa = PBXNativeTarget;
			buildConfigurationList = 5A067CCA1D4490A500238AF5 /* Build configuration list for PBXNativeTarget "TimerReminder" */;
			buildPhases = (
				F99B17FA1860E2C7543437B5 /* [CP] Check Pods Manifest.lock */,
				5A067CB11D4490A500238AF5 /* Sources */,
				5A067CB21D4490A500238AF5 /* Frameworks */,
				5A067CB31D4490A500238AF5 /* Resources */,
				112FE2D269672DF450676FCF /* [CP] Embed Pods Frameworks */,
			);
			buildRules = (
			);
			dependencies = (
			);
			name = TimerReminder;
			productName = TimerReminder;
			productReference = 5A067CB51D4490A500238AF5 /* TimerReminder.app */;
			productType = "com.apple.product-type.application";
		};
/* End PBXNativeTarget section */

/* Begin PBXProject section */
		5A067CAD1D4490A500238AF5 /* Project object */ = {
			isa = PBXProject;
			attributes = {
				LastSwiftUpdateCheck = 0730;
				LastUpgradeCheck = 1100;
				ORGANIZATIONNAME = "Mulang Su";
				TargetAttributes = {
					5A067CB41D4490A500238AF5 = {
						CreatedOnToolsVersion = 7.3.1;
						DevelopmentTeam = E9MW74DJ4Y;
						LastSwiftMigration = 0800;
						ProvisioningStyle = Automatic;
					};
				};
			};
			buildConfigurationList = 5A067CB01D4490A500238AF5 /* Build configuration list for PBXProject "TimerReminder" */;
			compatibilityVersion = "Xcode 9.3";
			developmentRegion = en;
			hasScannedForEncodings = 0;
			knownRegions = (
				en,
				Base,
				"zh-Hans",
				"zh-Hant",
				ja,
			);
			mainGroup = 5A067CAC1D4490A500238AF5;
			productRefGroup = 5A067CB61D4490A500238AF5 /* Products */;
			projectDirPath = "";
			projectRoot = "";
			targets = (
				5A067CB41D4490A500238AF5 /* TimerReminder */,
			);
		};
/* End PBXProject section */

/* Begin PBXResourcesBuildPhase section */
		5A067CB31D4490A500238AF5 /* Resources */ = {
			isa = PBXResourcesBuildPhase;
			buildActionMask = 2147483647;
			files = (
				5A020B711D62980300CB6DD5 /* Cosmic.mp3 in Resources */,
				5AFF72AD1D6610B00031429E /* InfoPlist.strings in Resources */,
				5A067CC61D4490A500238AF5 /* LaunchScreen.storyboard in Resources */,
				5A067CC31D4490A500238AF5 /* Assets.xcassets in Resources */,
				5A020B701D62980300CB6DD5 /* Sencha.mp3 in Resources */,
				5A020B6F1D62980300CB6DD5 /* Circuit.mp3 in Resources */,
				5A0167621D6143110035021F /* Radar.mp3 in Resources */,
				5A020B6C1D62980300CB6DD5 /* Waves.mp3 in Resources */,
				5A015F0C1D4DA8530032BB59 /* beep.mp3 in Resources */,
				5A020B6D1D62980300CB6DD5 /* Radiate.mp3 in Resources */,
				5A020B721D62980300CB6DD5 /* Presto.mp3 in Resources */,
				5A020B7B1D63472C00CB6DD5 /* Localizable.strings in Resources */,
				5A067CBE1D4490A500238AF5 /* Main.storyboard in Resources */,
				5A020B731D62980300CB6DD5 /* Beacon.mp3 in Resources */,
				5A020B741D62980300CB6DD5 /* Hillside.mp3 in Resources */,
				5A020B6E1D62980300CB6DD5 /* Night Owl.mp3 in Resources */,
				5A25568F248B8E7100BAEFD2 /* GoogleService-Info.plist in Resources */,
			);
			runOnlyForDeploymentPostprocessing = 0;
		};
/* End PBXResourcesBuildPhase section */

/* Begin PBXShellScriptBuildPhase section */
		112FE2D269672DF450676FCF /* [CP] Embed Pods Frameworks */ = {
			isa = PBXShellScriptBuildPhase;
			buildActionMask = 2147483647;
			files = (
			);
			inputFileListPaths = (
				"${PODS_ROOT}/Target Support Files/Pods-TimerReminder/Pods-TimerReminder-frameworks-${CONFIGURATION}-input-files.xcfilelist",
			);
			name = "[CP] Embed Pods Frameworks";
			outputFileListPaths = (
				"${PODS_ROOT}/Target Support Files/Pods-TimerReminder/Pods-TimerReminder-frameworks-${CONFIGURATION}-output-files.xcfilelist",
			);
			runOnlyForDeploymentPostprocessing = 0;
			shellPath = /bin/sh;
			shellScript = "\"${PODS_ROOT}/Target Support Files/Pods-TimerReminder/Pods-TimerReminder-frameworks.sh\"\n";
			showEnvVarsInLog = 0;
		};
		F99B17FA1860E2C7543437B5 /* [CP] Check Pods Manifest.lock */ = {
			isa = PBXShellScriptBuildPhase;
			buildActionMask = 2147483647;
			files = (
			);
			inputPaths = (
				"${PODS_PODFILE_DIR_PATH}/Podfile.lock",
				"${PODS_ROOT}/Manifest.lock",
			);
			name = "[CP] Check Pods Manifest.lock";
			outputPaths = (
				"$(DERIVED_FILE_DIR)/Pods-TimerReminder-checkManifestLockResult.txt",
			);
			runOnlyForDeploymentPostprocessing = 0;
			shellPath = /bin/sh;
			shellScript = "diff \"${PODS_PODFILE_DIR_PATH}/Podfile.lock\" \"${PODS_ROOT}/Manifest.lock\" > /dev/null\nif [ $? != 0 ] ; then\n    # print error to STDERR\n    echo \"error: The sandbox is not in sync with the Podfile.lock. Run 'pod install' or update your CocoaPods installation.\" >&2\n    exit 1\nfi\n# This output is used by Xcode 'outputs' to avoid re-running this script phase.\necho \"SUCCESS\" > \"${SCRIPT_OUTPUT_FILE_0}\"\n";
			showEnvVarsInLog = 0;
		};
/* End PBXShellScriptBuildPhase section */

/* Begin PBXSourcesBuildPhase section */
		5A067CB11D4490A500238AF5 /* Sources */ = {
			isa = PBXSourcesBuildPhase;
			buildActionMask = 2147483647;
			files = (
				5A0D539D2487A59400568C31 /* TimerOptionsEnums.swift in Sources */,
				5A39D1E224976E89008EE4EB /* AnalogClockView.swift in Sources */,
				5A11E034247FBA9C00D9A2F3 /* TimerOptionsManager.swift in Sources */,
				5A0334EF244C6B6900A6F71F /* TimerViewController.swift in Sources */,
				5A0C2FB724659F94007378B6 /* TimerOptionsListViewController.swift in Sources */,
				5A034989244DA86E00AEB002 /* SetTimerView.swift in Sources */,
				5A0F7E8A2473D73100F3DE6D /* TimeIntervalPickerController.swift in Sources */,
				5A08CF3D2483B667001E206A /* OptionsEditorVC+Form.swift in Sources */,
				5A0334EB244C53AA00A6F71F /* Timer.swift in Sources */,
				5A0C2FB32465836B007378B6 /* MySlideViewController.swift in Sources */,
				5A067CB91D4490A500238AF5 /* AppDelegate.swift in Sources */,
				5A25568D248B8D4800BAEFD2 /* SecretStuff.swift in Sources */,
				5A1636C32475151F00B6BD33 /* TimeIntervalRow.swift in Sources */,
				5A0334ED244C54FB00A6F71F /* TimerOptions.swift in Sources */,
				5A067CC11D4490A500238AF5 /* TimerReminder.xcdatamodeld in Sources */,
				5A0C2FB524658621007378B6 /* OptionsEditorViewController.swift in Sources */,
				5A11C6FA247A7D140082302E /* TimerSoundEffectPlayer.swift in Sources */,
				5A0334F1244C6D5F00A6F71F /* Helper.swift in Sources */,
				5A013757245EC659001A1DEE /* TimerOptionsObject.swift in Sources */,
			);
			runOnlyForDeploymentPostprocessing = 0;
		};
/* End PBXSourcesBuildPhase section */

/* Begin PBXVariantGroup section */
		5A020B7D1D63472C00CB6DD5 /* Localizable.strings */ = {
			isa = PBXVariantGroup;
			children = (
				5A020B7C1D63472C00CB6DD5 /* en */,
				5A020B7E1D63472D00CB6DD5 /* zh-Hans */,
				5A020B7F1D63472F00CB6DD5 /* zh-Hant */,
				5AFF72AA1D65BBA80031429E /* ja */,
			);
			name = Localizable.strings;
			sourceTree = "<group>";
		};
		5A067CBC1D4490A500238AF5 /* Main.storyboard */ = {
			isa = PBXVariantGroup;
			children = (
				5A067CBD1D4490A500238AF5 /* Base */,
				5A020B751D63463900CB6DD5 /* zh-Hans */,
				5A020B771D63464100CB6DD5 /* zh-Hant */,
				5AFF72A81D65BBA80031429E /* ja */,
			);
			name = Main.storyboard;
			sourceTree = "<group>";
		};
		5A067CC41D4490A500238AF5 /* LaunchScreen.storyboard */ = {
			isa = PBXVariantGroup;
			children = (
				5A067CC51D4490A500238AF5 /* Base */,
				5A020B761D63463900CB6DD5 /* zh-Hans */,
				5A020B781D63464100CB6DD5 /* zh-Hant */,
				5AFF72A91D65BBA80031429E /* ja */,
			);
			name = LaunchScreen.storyboard;
			sourceTree = "<group>";
		};
		5AFF72AF1D6610B00031429E /* InfoPlist.strings */ = {
			isa = PBXVariantGroup;
			children = (
				5AFF72AE1D6610B00031429E /* en */,
				5AFF72B01D6611260031429E /* zh-Hans */,
				5AFF72B11D6611290031429E /* zh-Hant */,
				5AFF72B21D66112A0031429E /* ja */,
			);
			name = InfoPlist.strings;
			sourceTree = "<group>";
		};
/* End PBXVariantGroup section */

/* Begin XCBuildConfiguration section */
		5A067CC81D4490A500238AF5 /* Debug */ = {
			isa = XCBuildConfiguration;
			buildSettings = {
				ALWAYS_SEARCH_USER_PATHS = NO;
				CLANG_ANALYZER_LOCALIZABILITY_NONLOCALIZED = YES;
				CLANG_ANALYZER_NONNULL = YES;
				CLANG_CXX_LANGUAGE_STANDARD = "gnu++0x";
				CLANG_CXX_LIBRARY = "libc++";
				CLANG_ENABLE_MODULES = YES;
				CLANG_ENABLE_OBJC_ARC = YES;
				CLANG_WARN_BLOCK_CAPTURE_AUTORELEASING = YES;
				CLANG_WARN_BOOL_CONVERSION = YES;
				CLANG_WARN_COMMA = YES;
				CLANG_WARN_CONSTANT_CONVERSION = YES;
				CLANG_WARN_DEPRECATED_OBJC_IMPLEMENTATIONS = YES;
				CLANG_WARN_DIRECT_OBJC_ISA_USAGE = YES_ERROR;
				CLANG_WARN_EMPTY_BODY = YES;
				CLANG_WARN_ENUM_CONVERSION = YES;
				CLANG_WARN_INFINITE_RECURSION = YES;
				CLANG_WARN_INT_CONVERSION = YES;
				CLANG_WARN_NON_LITERAL_NULL_CONVERSION = YES;
				CLANG_WARN_OBJC_IMPLICIT_RETAIN_SELF = YES;
				CLANG_WARN_OBJC_LITERAL_CONVERSION = YES;
				CLANG_WARN_OBJC_ROOT_CLASS = YES_ERROR;
				CLANG_WARN_RANGE_LOOP_ANALYSIS = YES;
				CLANG_WARN_STRICT_PROTOTYPES = YES;
				CLANG_WARN_SUSPICIOUS_MOVE = YES;
				CLANG_WARN_UNREACHABLE_CODE = YES;
				CLANG_WARN__DUPLICATE_METHOD_MATCH = YES;
				"CODE_SIGN_IDENTITY[sdk=iphoneos*]" = "iPhone Developer";
				COPY_PHASE_STRIP = NO;
				DEBUG_INFORMATION_FORMAT = dwarf;
				ENABLE_STRICT_OBJC_MSGSEND = YES;
				ENABLE_TESTABILITY = YES;
				GCC_C_LANGUAGE_STANDARD = gnu99;
				GCC_DYNAMIC_NO_PIC = NO;
				GCC_NO_COMMON_BLOCKS = YES;
				GCC_OPTIMIZATION_LEVEL = 0;
				GCC_PREPROCESSOR_DEFINITIONS = (
					"DEBUG=1",
					"$(inherited)",
				);
				GCC_WARN_64_TO_32_BIT_CONVERSION = YES;
				GCC_WARN_ABOUT_RETURN_TYPE = YES_ERROR;
				GCC_WARN_UNDECLARED_SELECTOR = YES;
				GCC_WARN_UNINITIALIZED_AUTOS = YES_AGGRESSIVE;
				GCC_WARN_UNUSED_FUNCTION = YES;
				GCC_WARN_UNUSED_VARIABLE = YES;
				IPHONEOS_DEPLOYMENT_TARGET = 13.0;
				MTL_ENABLE_DEBUG_INFO = YES;
				ONLY_ACTIVE_ARCH = YES;
				SDKROOT = iphoneos;
				SWIFT_OPTIMIZATION_LEVEL = "-Onone";
				TARGETED_DEVICE_FAMILY = "1,2";
			};
			name = Debug;
		};
		5A067CC91D4490A500238AF5 /* Release */ = {
			isa = XCBuildConfiguration;
			buildSettings = {
				ALWAYS_SEARCH_USER_PATHS = NO;
				CLANG_ANALYZER_LOCALIZABILITY_NONLOCALIZED = YES;
				CLANG_ANALYZER_NONNULL = YES;
				CLANG_CXX_LANGUAGE_STANDARD = "gnu++0x";
				CLANG_CXX_LIBRARY = "libc++";
				CLANG_ENABLE_MODULES = YES;
				CLANG_ENABLE_OBJC_ARC = YES;
				CLANG_WARN_BLOCK_CAPTURE_AUTORELEASING = YES;
				CLANG_WARN_BOOL_CONVERSION = YES;
				CLANG_WARN_COMMA = YES;
				CLANG_WARN_CONSTANT_CONVERSION = YES;
				CLANG_WARN_DEPRECATED_OBJC_IMPLEMENTATIONS = YES;
				CLANG_WARN_DIRECT_OBJC_ISA_USAGE = YES_ERROR;
				CLANG_WARN_EMPTY_BODY = YES;
				CLANG_WARN_ENUM_CONVERSION = YES;
				CLANG_WARN_INFINITE_RECURSION = YES;
				CLANG_WARN_INT_CONVERSION = YES;
				CLANG_WARN_NON_LITERAL_NULL_CONVERSION = YES;
				CLANG_WARN_OBJC_IMPLICIT_RETAIN_SELF = YES;
				CLANG_WARN_OBJC_LITERAL_CONVERSION = YES;
				CLANG_WARN_OBJC_ROOT_CLASS = YES_ERROR;
				CLANG_WARN_RANGE_LOOP_ANALYSIS = YES;
				CLANG_WARN_STRICT_PROTOTYPES = YES;
				CLANG_WARN_SUSPICIOUS_MOVE = YES;
				CLANG_WARN_UNREACHABLE_CODE = YES;
				CLANG_WARN__DUPLICATE_METHOD_MATCH = YES;
				"CODE_SIGN_IDENTITY[sdk=iphoneos*]" = "iPhone Developer";
				COPY_PHASE_STRIP = NO;
				DEBUG_INFORMATION_FORMAT = "dwarf-with-dsym";
				ENABLE_NS_ASSERTIONS = NO;
				ENABLE_STRICT_OBJC_MSGSEND = YES;
				GCC_C_LANGUAGE_STANDARD = gnu99;
				GCC_NO_COMMON_BLOCKS = YES;
				GCC_WARN_64_TO_32_BIT_CONVERSION = YES;
				GCC_WARN_ABOUT_RETURN_TYPE = YES_ERROR;
				GCC_WARN_UNDECLARED_SELECTOR = YES;
				GCC_WARN_UNINITIALIZED_AUTOS = YES_AGGRESSIVE;
				GCC_WARN_UNUSED_FUNCTION = YES;
				GCC_WARN_UNUSED_VARIABLE = YES;
				IPHONEOS_DEPLOYMENT_TARGET = 13.0;
				MTL_ENABLE_DEBUG_INFO = NO;
				SDKROOT = iphoneos;
				SWIFT_COMPILATION_MODE = wholemodule;
				SWIFT_OPTIMIZATION_LEVEL = "-O";
				TARGETED_DEVICE_FAMILY = "1,2";
				VALIDATE_PRODUCT = YES;
			};
			name = Release;
		};
		5A067CCB1D4490A500238AF5 /* Debug */ = {
			isa = XCBuildConfiguration;
			baseConfigurationReference = F2B46CF811E1968BC84D25D0 /* Pods-TimerReminder.debug.xcconfig */;
			buildSettings = {
				ALWAYS_EMBED_SWIFT_STANDARD_LIBRARIES = YES;
				ASSETCATALOG_COMPILER_APPICON_NAME = AppIcon;
				CODE_SIGN_IDENTITY = "iPhone Developer";
				"CODE_SIGN_IDENTITY[sdk=iphoneos*]" = "iPhone Developer";
				CURRENT_PROJECT_VERSION = 27;
				DEVELOPMENT_TEAM = "";
				FRAMEWORK_SEARCH_PATHS = (
					"$(inherited)",
					"$(PROJECT_DIR)/build/Debug-iphoneos",
					"$(PROJECT_DIR)/build/Debug-iphoneos/MVSpeechSynthesizer",
					"$(PROJECT_DIR)/build/Debug-iphoneos/Eureka",
					"$(PROJECT_DIR)/build/Debug-iphoneos/MGSwipeTableCell",
					"$(PROJECT_DIR)/build/Debug-iphoneos/ISHHoverBar",
					"$(PROJECT_DIR)/build/Debug-iphoneos/SwiftyUtils",
					"$(PROJECT_DIR)/build/Debug-iphoneos/ImageScrollView",
					"$(PROJECT_DIR)/build/Debug-iphoneos/SlideMenuControllerSwift",
				);
				INFOPLIST_FILE = TimerReminder/Info.plist;
				IPHONEOS_DEPLOYMENT_TARGET = 13.0;
				LD_RUNPATH_SEARCH_PATHS = (
					"$(inherited)",
					"@executable_path/Frameworks",
				);
				MARKETING_VERSION = 3.2;
				PRODUCT_BUNDLE_IDENTIFIER = com.TimerReminder;
				PRODUCT_NAME = "$(TARGET_NAME)";
				PROVISIONING_PROFILE = "";
				PROVISIONING_PROFILE_SPECIFIER = "";
				SWIFT_VERSION = 5.0;
			};
			name = Debug;
		};
		5A067CCC1D4490A500238AF5 /* Release */ = {
			isa = XCBuildConfiguration;
			baseConfigurationReference = 3BF493DE68A022FAB9B68EB3 /* Pods-TimerReminder.release.xcconfig */;
			buildSettings = {
				ALWAYS_EMBED_SWIFT_STANDARD_LIBRARIES = YES;
				ASSETCATALOG_COMPILER_APPICON_NAME = AppIcon;
				CODE_SIGN_IDENTITY = "iPhone Developer";
				"CODE_SIGN_IDENTITY[sdk=iphoneos*]" = "iPhone Developer";
				CURRENT_PROJECT_VERSION = 27;
				DEVELOPMENT_TEAM = "";
				FRAMEWORK_SEARCH_PATHS = (
					"$(inherited)",
					"$(PROJECT_DIR)/build/Debug-iphoneos",
					"$(PROJECT_DIR)/build/Debug-iphoneos/MVSpeechSynthesizer",
					"$(PROJECT_DIR)/build/Debug-iphoneos/Eureka",
					"$(PROJECT_DIR)/build/Debug-iphoneos/MGSwipeTableCell",
					"$(PROJECT_DIR)/build/Debug-iphoneos/ISHHoverBar",
					"$(PROJECT_DIR)/build/Debug-iphoneos/SwiftyUtils",
					"$(PROJECT_DIR)/build/Debug-iphoneos/ImageScrollView",
					"$(PROJECT_DIR)/build/Debug-iphoneos/SlideMenuControllerSwift",
				);
				INFOPLIST_FILE = TimerReminder/Info.plist;
				IPHONEOS_DEPLOYMENT_TARGET = 13.0;
				LD_RUNPATH_SEARCH_PATHS = (
					"$(inherited)",
					"@executable_path/Frameworks",
				);
				MARKETING_VERSION = 3.2;
				PRODUCT_BUNDLE_IDENTIFIER = com.TimerReminder;
				PRODUCT_NAME = "$(TARGET_NAME)";
				PROVISIONING_PROFILE = "";
				PROVISIONING_PROFILE_SPECIFIER = "";
				SWIFT_VERSION = 5.0;
			};
			name = Release;
		};
/* End XCBuildConfiguration section */

/* Begin XCConfigurationList section */
		5A067CB01D4490A500238AF5 /* Build configuration list for PBXProject "TimerReminder" */ = {
			isa = XCConfigurationList;
			buildConfigurations = (
				5A067CC81D4490A500238AF5 /* Debug */,
				5A067CC91D4490A500238AF5 /* Release */,
			);
			defaultConfigurationIsVisible = 0;
			defaultConfigurationName = Release;
		};
		5A067CCA1D4490A500238AF5 /* Build configuration list for PBXNativeTarget "TimerReminder" */ = {
			isa = XCConfigurationList;
			buildConfigurations = (
				5A067CCB1D4490A500238AF5 /* Debug */,
				5A067CCC1D4490A500238AF5 /* Release */,
			);
			defaultConfigurationIsVisible = 0;
			defaultConfigurationName = Release;
		};
/* End XCConfigurationList section */

/* Begin XCVersionGroup section */
		5A067CBF1D4490A500238AF5 /* TimerReminder.xcdatamodeld */ = {
			isa = XCVersionGroup;
			children = (
				5AC14D551E1B33D400448123 /* TimerReminder 3.xcdatamodel */,
				5AFEF2FB1D6833DC00176303 /* TimerReminder 2.xcdatamodel */,
				5A067CC01D4490A500238AF5 /* TimerReminder.xcdatamodel */,
			);
			currentVersion = 5AC14D551E1B33D400448123 /* TimerReminder 3.xcdatamodel */;
			path = TimerReminder.xcdatamodeld;
			sourceTree = "<group>";
			versionGroupType = wrapper.xcdatamodel;
		};
/* End XCVersionGroup section */
	};
	rootObject = 5A067CAD1D4490A500238AF5 /* Project object */;
}
