// !$*UTF8*$!
{
	archiveVersion = 1;
	classes = {
	};
	objectVersion = 46;
	objects = {

/* Begin PBXBuildFile section */
		2467A8747BF6557031FAEF87 /* Pods_TimerReminder.framework in Frameworks */ = {isa = PBXBuildFile; fileRef = 79CA6FEE5CF6A6DF96E63943 /* Pods_TimerReminder.framework */; };
		5A0058A41D55622200DF4522 /* MVSpeechSynthesizer.framework in Frameworks */ = {isa = PBXBuildFile; fileRef = 5A0058A31D55622200DF4522 /* MVSpeechSynthesizer.framework */; };
		5A00B5431D519A390074B114 /* CountUpTimer.swift in Sources */ = {isa = PBXBuildFile; fileRef = 5A00B5421D519A390074B114 /* CountUpTimer.swift */; };
		5A0135A21D470B90008A0F1D /* Reminder.swift in Sources */ = {isa = PBXBuildFile; fileRef = 5A01359E1D470B90008A0F1D /* Reminder.swift */; };
		5A0135A31D470B90008A0F1D /* Reminder+CoreDataProperties.swift in Sources */ = {isa = PBXBuildFile; fileRef = 5A01359F1D470B90008A0F1D /* Reminder+CoreDataProperties.swift */; };
		5A0135A41D470B90008A0F1D /* TimerOptions.swift in Sources */ = {isa = PBXBuildFile; fileRef = 5A0135A01D470B90008A0F1D /* TimerOptions.swift */; };
		5A0135A51D470B90008A0F1D /* TimerOptions+CoreDataProperties.swift in Sources */ = {isa = PBXBuildFile; fileRef = 5A0135A11D470B90008A0F1D /* TimerOptions+CoreDataProperties.swift */; };
		5A015F0C1D4DA8530032BB59 /* beep.mp3 in Resources */ = {isa = PBXBuildFile; fileRef = 5A015F0B1D4DA8530032BB59 /* beep.mp3 */; };
		5A0316541D5D520B0034F45F /* Eureka.framework in Frameworks */ = {isa = PBXBuildFile; fileRef = 5A0316531D5D520B0034F45F /* Eureka.framework */; };
		5A0316561D5DF6B70034F45F /* TimeIntervalRow.swift in Sources */ = {isa = PBXBuildFile; fileRef = 5A0316551D5DF6B70034F45F /* TimeIntervalRow.swift */; };
		5A03F27F1D5AD34600723262 /* Languages.swift in Sources */ = {isa = PBXBuildFile; fileRef = 5A03F27E1D5AD34600723262 /* Languages.swift */; };
		5A03F2811D5AEED600723262 /* TimerFormController.swift in Sources */ = {isa = PBXBuildFile; fileRef = 5A03F2801D5AEED600723262 /* TimerFormController.swift */; };
		5A03F2831D5C0D9B00723262 /* Wrappers.swift in Sources */ = {isa = PBXBuildFile; fileRef = 5A03F2821D5C0D9B00723262 /* Wrappers.swift */; };
		5A03F2851D5C45F100723262 /* FormTags.swift in Sources */ = {isa = PBXBuildFile; fileRef = 5A03F2841D5C45F100723262 /* FormTags.swift */; };
		5A06728D1D45905D007F7AEB /* Timer.swift in Sources */ = {isa = PBXBuildFile; fileRef = 5A06728C1D45905D007F7AEB /* Timer.swift */; };
		5A0672901D459E76007F7AEB /* FittableFontLabel.framework in Frameworks */ = {isa = PBXBuildFile; fileRef = 5A06728E1D459E76007F7AEB /* FittableFontLabel.framework */; };
		5A0672911D459E76007F7AEB /* RWDropdownMenu.framework in Frameworks */ = {isa = PBXBuildFile; fileRef = 5A06728F1D459E76007F7AEB /* RWDropdownMenu.framework */; };
		5A0672931D45ED0F007F7AEB /* CountDownTimer.swift in Sources */ = {isa = PBXBuildFile; fileRef = 5A0672921D45ED0F007F7AEB /* CountDownTimer.swift */; };
		5A067CB91D4490A500238AF5 /* AppDelegate.swift in Sources */ = {isa = PBXBuildFile; fileRef = 5A067CB81D4490A500238AF5 /* AppDelegate.swift */; };
		5A067CBB1D4490A500238AF5 /* TimerViewController.swift in Sources */ = {isa = PBXBuildFile; fileRef = 5A067CBA1D4490A500238AF5 /* TimerViewController.swift */; };
		5A067CBE1D4490A500238AF5 /* Main.storyboard in Resources */ = {isa = PBXBuildFile; fileRef = 5A067CBC1D4490A500238AF5 /* Main.storyboard */; };
		5A067CC11D4490A500238AF5 /* TimerReminder.xcdatamodeld in Sources */ = {isa = PBXBuildFile; fileRef = 5A067CBF1D4490A500238AF5 /* TimerReminder.xcdatamodeld */; };
		5A067CC31D4490A500238AF5 /* Assets.xcassets in Resources */ = {isa = PBXBuildFile; fileRef = 5A067CC21D4490A500238AF5 /* Assets.xcassets */; };
		5A067CC61D4490A500238AF5 /* LaunchScreen.storyboard in Resources */ = {isa = PBXBuildFile; fileRef = 5A067CC41D4490A500238AF5 /* LaunchScreen.storyboard */; };
		5A067CD11D44922800238AF5 /* EZSwiftExtensions.framework in Frameworks */ = {isa = PBXBuildFile; fileRef = 5A067CCD1D44922800238AF5 /* EZSwiftExtensions.framework */; };
		5A067CD21D44922800238AF5 /* LTMorphingLabel.framework in Frameworks */ = {isa = PBXBuildFile; fileRef = 5A067CCE1D44922800238AF5 /* LTMorphingLabel.framework */; };
		5A067CD31D44922800238AF5 /* SwiftyJSON.framework in Frameworks */ = {isa = PBXBuildFile; fileRef = 5A067CCF1D44922800238AF5 /* SwiftyJSON.framework */; };
		5A9608E71D498728001EE17F /* SetTimerController.swift in Sources */ = {isa = PBXBuildFile; fileRef = 5A9608E61D498728001EE17F /* SetTimerController.swift */; };
/* End PBXBuildFile section */

/* Begin PBXFileReference section */
		3BF493DE68A022FAB9B68EB3 /* Pods-TimerReminder.release.xcconfig */ = {isa = PBXFileReference; includeInIndex = 1; lastKnownFileType = text.xcconfig; name = "Pods-TimerReminder.release.xcconfig"; path = "Pods/Target Support Files/Pods-TimerReminder/Pods-TimerReminder.release.xcconfig"; sourceTree = "<group>"; };
		5A0058A31D55622200DF4522 /* MVSpeechSynthesizer.framework */ = {isa = PBXFileReference; lastKnownFileType = wrapper.framework; name = MVSpeechSynthesizer.framework; path = "Pods/../build/Debug-iphoneos/MVSpeechSynthesizer/MVSpeechSynthesizer.framework"; sourceTree = "<group>"; };
		5A00B5421D519A390074B114 /* CountUpTimer.swift */ = {isa = PBXFileReference; fileEncoding = 4; lastKnownFileType = sourcecode.swift; path = CountUpTimer.swift; sourceTree = "<group>"; };
		5A01359E1D470B90008A0F1D /* Reminder.swift */ = {isa = PBXFileReference; fileEncoding = 4; lastKnownFileType = sourcecode.swift; path = Reminder.swift; sourceTree = SOURCE_ROOT; };
		5A01359F1D470B90008A0F1D /* Reminder+CoreDataProperties.swift */ = {isa = PBXFileReference; fileEncoding = 4; lastKnownFileType = sourcecode.swift; path = "Reminder+CoreDataProperties.swift"; sourceTree = SOURCE_ROOT; };
		5A0135A01D470B90008A0F1D /* TimerOptions.swift */ = {isa = PBXFileReference; fileEncoding = 4; lastKnownFileType = sourcecode.swift; path = TimerOptions.swift; sourceTree = SOURCE_ROOT; };
		5A0135A11D470B90008A0F1D /* TimerOptions+CoreDataProperties.swift */ = {isa = PBXFileReference; fileEncoding = 4; lastKnownFileType = sourcecode.swift; path = "TimerOptions+CoreDataProperties.swift"; sourceTree = SOURCE_ROOT; };
		5A015F0B1D4DA8530032BB59 /* beep.mp3 */ = {isa = PBXFileReference; lastKnownFileType = audio.mp3; path = beep.mp3; sourceTree = "<group>"; };
		5A0316531D5D520B0034F45F /* Eureka.framework */ = {isa = PBXFileReference; lastKnownFileType = wrapper.framework; name = Eureka.framework; path = "Pods/../build/Debug-iphoneos/Eureka/Eureka.framework"; sourceTree = "<group>"; };
		5A0316551D5DF6B70034F45F /* TimeIntervalRow.swift */ = {isa = PBXFileReference; fileEncoding = 4; lastKnownFileType = sourcecode.swift; path = TimeIntervalRow.swift; sourceTree = "<group>"; };
		5A03F27E1D5AD34600723262 /* Languages.swift */ = {isa = PBXFileReference; fileEncoding = 4; lastKnownFileType = sourcecode.swift; path = Languages.swift; sourceTree = "<group>"; };
		5A03F2801D5AEED600723262 /* TimerFormController.swift */ = {isa = PBXFileReference; fileEncoding = 4; lastKnownFileType = sourcecode.swift; path = TimerFormController.swift; sourceTree = "<group>"; };
		5A03F2821D5C0D9B00723262 /* Wrappers.swift */ = {isa = PBXFileReference; fileEncoding = 4; lastKnownFileType = sourcecode.swift; path = Wrappers.swift; sourceTree = "<group>"; };
		5A03F2841D5C45F100723262 /* FormTags.swift */ = {isa = PBXFileReference; fileEncoding = 4; lastKnownFileType = sourcecode.swift; path = FormTags.swift; sourceTree = "<group>"; };
		5A06728C1D45905D007F7AEB /* Timer.swift */ = {isa = PBXFileReference; fileEncoding = 4; lastKnownFileType = sourcecode.swift; path = Timer.swift; sourceTree = "<group>"; };
		5A06728E1D459E76007F7AEB /* FittableFontLabel.framework */ = {isa = PBXFileReference; lastKnownFileType = wrapper.framework; name = FittableFontLabel.framework; path = "../../Library/Developer/Xcode/DerivedData/TimerReminder-bvmyauthgubzckdlqbnmnadyvuye/Build/Products/Debug-iphonesimulator/FittableFontLabel.framework"; sourceTree = "<group>"; };
		5A06728F1D459E76007F7AEB /* RWDropdownMenu.framework */ = {isa = PBXFileReference; lastKnownFileType = wrapper.framework; name = RWDropdownMenu.framework; path = "Pods/../build/Debug-iphoneos/RWDropdownMenu.framework"; sourceTree = "<group>"; };
		5A0672921D45ED0F007F7AEB /* CountDownTimer.swift */ = {isa = PBXFileReference; fileEncoding = 4; lastKnownFileType = sourcecode.swift; path = CountDownTimer.swift; sourceTree = "<group>"; };
		5A067CB51D4490A500238AF5 /* TimerReminder.app */ = {isa = PBXFileReference; explicitFileType = wrapper.application; includeInIndex = 0; path = TimerReminder.app; sourceTree = BUILT_PRODUCTS_DIR; };
		5A067CB81D4490A500238AF5 /* AppDelegate.swift */ = {isa = PBXFileReference; lastKnownFileType = sourcecode.swift; path = AppDelegate.swift; sourceTree = "<group>"; };
		5A067CBA1D4490A500238AF5 /* TimerViewController.swift */ = {isa = PBXFileReference; lastKnownFileType = sourcecode.swift; path = TimerViewController.swift; sourceTree = "<group>"; };
		5A067CBD1D4490A500238AF5 /* Base */ = {isa = PBXFileReference; lastKnownFileType = file.storyboard; name = Base; path = Base.lproj/Main.storyboard; sourceTree = "<group>"; };
		5A067CC01D4490A500238AF5 /* TimerReminder.xcdatamodel */ = {isa = PBXFileReference; lastKnownFileType = wrapper.xcdatamodel; path = TimerReminder.xcdatamodel; sourceTree = "<group>"; };
		5A067CC21D4490A500238AF5 /* Assets.xcassets */ = {isa = PBXFileReference; lastKnownFileType = folder.assetcatalog; path = Assets.xcassets; sourceTree = "<group>"; };
		5A067CC51D4490A500238AF5 /* Base */ = {isa = PBXFileReference; lastKnownFileType = file.storyboard; name = Base; path = Base.lproj/LaunchScreen.storyboard; sourceTree = "<group>"; };
		5A067CC71D4490A500238AF5 /* Info.plist */ = {isa = PBXFileReference; lastKnownFileType = text.plist.xml; path = Info.plist; sourceTree = "<group>"; };
		5A067CCD1D44922800238AF5 /* EZSwiftExtensions.framework */ = {isa = PBXFileReference; lastKnownFileType = wrapper.framework; name = EZSwiftExtensions.framework; path = "Pods/../build/Debug-iphoneos/EZSwiftExtensions.framework"; sourceTree = "<group>"; };
		5A067CCE1D44922800238AF5 /* LTMorphingLabel.framework */ = {isa = PBXFileReference; lastKnownFileType = wrapper.framework; name = LTMorphingLabel.framework; path = "Pods/../build/Debug-iphoneos/LTMorphingLabel.framework"; sourceTree = "<group>"; };
		5A067CCF1D44922800238AF5 /* SwiftyJSON.framework */ = {isa = PBXFileReference; lastKnownFileType = wrapper.framework; name = SwiftyJSON.framework; path = "Pods/../build/Debug-iphoneos/SwiftyJSON.framework"; sourceTree = "<group>"; };
		5A067CD01D44922800238AF5 /* XLForm.framework */ = {isa = PBXFileReference; lastKnownFileType = wrapper.framework; name = XLForm.framework; path = "Pods/../build/Debug-iphoneos/XLForm.framework"; sourceTree = "<group>"; };
		5A067CD51D44B64E00238AF5 /* SF-UI-Display-Regular.otf */ = {isa = PBXFileReference; lastKnownFileType = file; path = "SF-UI-Display-Regular.otf"; sourceTree = "<group>"; };
		5A9608E61D498728001EE17F /* SetTimerController.swift */ = {isa = PBXFileReference; fileEncoding = 4; lastKnownFileType = sourcecode.swift; path = SetTimerController.swift; sourceTree = "<group>"; };
		79CA6FEE5CF6A6DF96E63943 /* Pods_TimerReminder.framework */ = {isa = PBXFileReference; explicitFileType = wrapper.framework; includeInIndex = 0; path = Pods_TimerReminder.framework; sourceTree = BUILT_PRODUCTS_DIR; };
		F2B46CF811E1968BC84D25D0 /* Pods-TimerReminder.debug.xcconfig */ = {isa = PBXFileReference; includeInIndex = 1; lastKnownFileType = text.xcconfig; name = "Pods-TimerReminder.debug.xcconfig"; path = "Pods/Target Support Files/Pods-TimerReminder/Pods-TimerReminder.debug.xcconfig"; sourceTree = "<group>"; };
/* End PBXFileReference section */

/* Begin PBXFrameworksBuildPhase section */
		5A067CB21D4490A500238AF5 /* Frameworks */ = {
			isa = PBXFrameworksBuildPhase;
			buildActionMask = 2147483647;
			files = (
				5A0316541D5D520B0034F45F /* Eureka.framework in Frameworks */,
				5A0058A41D55622200DF4522 /* MVSpeechSynthesizer.framework in Frameworks */,
				5A0672901D459E76007F7AEB /* FittableFontLabel.framework in Frameworks */,
				5A0672911D459E76007F7AEB /* RWDropdownMenu.framework in Frameworks */,
				5A067CD11D44922800238AF5 /* EZSwiftExtensions.framework in Frameworks */,
				5A067CD21D44922800238AF5 /* LTMorphingLabel.framework in Frameworks */,
				5A067CD31D44922800238AF5 /* SwiftyJSON.framework in Frameworks */,
				2467A8747BF6557031FAEF87 /* Pods_TimerReminder.framework in Frameworks */,
			);
			runOnlyForDeploymentPostprocessing = 0;
		};
/* End PBXFrameworksBuildPhase section */

/* Begin PBXGroup section */
		5A067CAC1D4490A500238AF5 = {
			isa = PBXGroup;
			children = (
				5A067CD51D44B64E00238AF5 /* SF-UI-Display-Regular.otf */,
				5A067CB71D4490A500238AF5 /* TimerReminder */,
				5A067CB61D4490A500238AF5 /* Products */,
				F7E084DFAF08D18824FDF3A0 /* Frameworks */,
				A057F0958BFEBE17315DFE68 /* Pods */,
			);
			sourceTree = "<group>";
		};
		5A067CB61D4490A500238AF5 /* Products */ = {
			isa = PBXGroup;
			children = (
				5A067CB51D4490A500238AF5 /* TimerReminder.app */,
			);
			name = Products;
			sourceTree = "<group>";
		};
		5A067CB71D4490A500238AF5 /* TimerReminder */ = {
			isa = PBXGroup;
			children = (
				5A015F0B1D4DA8530032BB59 /* beep.mp3 */,
				5A01359E1D470B90008A0F1D /* Reminder.swift */,
				5A01359F1D470B90008A0F1D /* Reminder+CoreDataProperties.swift */,
				5A0135A01D470B90008A0F1D /* TimerOptions.swift */,
				5A0135A11D470B90008A0F1D /* TimerOptions+CoreDataProperties.swift */,
				5A067CB81D4490A500238AF5 /* AppDelegate.swift */,
				5A067CBA1D4490A500238AF5 /* TimerViewController.swift */,
				5A9608E61D498728001EE17F /* SetTimerController.swift */,
				5A03F2801D5AEED600723262 /* TimerFormController.swift */,
				5A06728C1D45905D007F7AEB /* Timer.swift */,
				5A0672921D45ED0F007F7AEB /* CountDownTimer.swift */,
				5A00B5421D519A390074B114 /* CountUpTimer.swift */,
				5A03F27E1D5AD34600723262 /* Languages.swift */,
				5A03F2821D5C0D9B00723262 /* Wrappers.swift */,
				5A03F2841D5C45F100723262 /* FormTags.swift */,
				5A0316551D5DF6B70034F45F /* TimeIntervalRow.swift */,
				5A067CBC1D4490A500238AF5 /* Main.storyboard */,
				5A067CC21D4490A500238AF5 /* Assets.xcassets */,
				5A067CC41D4490A500238AF5 /* LaunchScreen.storyboard */,
				5A067CC71D4490A500238AF5 /* Info.plist */,
				5A067CBF1D4490A500238AF5 /* TimerReminder.xcdatamodeld */,
			);
			path = TimerReminder;
			sourceTree = "<group>";
		};
		A057F0958BFEBE17315DFE68 /* Pods */ = {
			isa = PBXGroup;
			children = (
				F2B46CF811E1968BC84D25D0 /* Pods-TimerReminder.debug.xcconfig */,
				3BF493DE68A022FAB9B68EB3 /* Pods-TimerReminder.release.xcconfig */,
			);
			name = Pods;
			sourceTree = "<group>";
		};
		F7E084DFAF08D18824FDF3A0 /* Frameworks */ = {
			isa = PBXGroup;
			children = (
				5A0316531D5D520B0034F45F /* Eureka.framework */,
				5A0058A31D55622200DF4522 /* MVSpeechSynthesizer.framework */,
				5A06728E1D459E76007F7AEB /* FittableFontLabel.framework */,
				5A06728F1D459E76007F7AEB /* RWDropdownMenu.framework */,
				5A067CCD1D44922800238AF5 /* EZSwiftExtensions.framework */,
				5A067CCE1D44922800238AF5 /* LTMorphingLabel.framework */,
				5A067CCF1D44922800238AF5 /* SwiftyJSON.framework */,
				5A067CD01D44922800238AF5 /* XLForm.framework */,
				79CA6FEE5CF6A6DF96E63943 /* Pods_TimerReminder.framework */,
			);
			name = Frameworks;
			sourceTree = "<group>";
		};
/* End PBXGroup section */

/* Begin PBXNativeTarget section */
		5A067CB41D4490A500238AF5 /* TimerReminder */ = {
			isa = PBXNativeTarget;
			buildConfigurationList = 5A067CCA1D4490A500238AF5 /* Build configuration list for PBXNativeTarget "TimerReminder" */;
			buildPhases = (
				F99B17FA1860E2C7543437B5 /* [CP] Check Pods Manifest.lock */,
				5A067CB11D4490A500238AF5 /* Sources */,
				5A067CB21D4490A500238AF5 /* Frameworks */,
				5A067CB31D4490A500238AF5 /* Resources */,
				DD60F2C170DA2087C3D3D2BC /* [CP] Embed Pods Frameworks */,
				C68C72BECDEA3323ACFF7473 /* [CP] Copy Pods Resources */,
			);
			buildRules = (
			);
			dependencies = (
			);
			name = TimerReminder;
			productName = TimerReminder;
			productReference = 5A067CB51D4490A500238AF5 /* TimerReminder.app */;
			productType = "com.apple.product-type.application";
		};
/* End PBXNativeTarget section */

/* Begin PBXProject section */
		5A067CAD1D4490A500238AF5 /* Project object */ = {
			isa = PBXProject;
			attributes = {
				LastSwiftUpdateCheck = 0730;
				LastUpgradeCheck = 0730;
				ORGANIZATIONNAME = "Mulang Su";
				TargetAttributes = {
					5A067CB41D4490A500238AF5 = {
						CreatedOnToolsVersion = 7.3.1;
						DevelopmentTeam = E9MW74DJ4Y;
					};
				};
			};
			buildConfigurationList = 5A067CB01D4490A500238AF5 /* Build configuration list for PBXProject "TimerReminder" */;
			compatibilityVersion = "Xcode 3.2";
			developmentRegion = English;
			hasScannedForEncodings = 0;
			knownRegions = (
				en,
				Base,
			);
			mainGroup = 5A067CAC1D4490A500238AF5;
			productRefGroup = 5A067CB61D4490A500238AF5 /* Products */;
			projectDirPath = "";
			projectRoot = "";
			targets = (
				5A067CB41D4490A500238AF5 /* TimerReminder */,
			);
		};
/* End PBXProject section */

/* Begin PBXResourcesBuildPhase section */
		5A067CB31D4490A500238AF5 /* Resources */ = {
			isa = PBXResourcesBuildPhase;
			buildActionMask = 2147483647;
			files = (
				5A067CC61D4490A500238AF5 /* LaunchScreen.storyboard in Resources */,
				5A067CC31D4490A500238AF5 /* Assets.xcassets in Resources */,
				5A015F0C1D4DA8530032BB59 /* beep.mp3 in Resources */,
				5A067CBE1D4490A500238AF5 /* Main.storyboard in Resources */,
			);
			runOnlyForDeploymentPostprocessing = 0;
		};
/* End PBXResourcesBuildPhase section */

/* Begin PBXShellScriptBuildPhase section */
		C68C72BECDEA3323ACFF7473 /* [CP] Copy Pods Resources */ = {
			isa = PBXShellScriptBuildPhase;
			buildActionMask = 2147483647;
			files = (
			);
			inputPaths = (
			);
			name = "[CP] Copy Pods Resources";
			outputPaths = (
			);
			runOnlyForDeploymentPostprocessing = 0;
			shellPath = /bin/sh;
			shellScript = "\"${SRCROOT}/Pods/Target Support Files/Pods-TimerReminder/Pods-TimerReminder-resources.sh\"\n";
			showEnvVarsInLog = 0;
		};
		DD60F2C170DA2087C3D3D2BC /* [CP] Embed Pods Frameworks */ = {
			isa = PBXShellScriptBuildPhase;
			buildActionMask = 2147483647;
			files = (
			);
			inputPaths = (
			);
			name = "[CP] Embed Pods Frameworks";
			outputPaths = (
			);
			runOnlyForDeploymentPostprocessing = 0;
			shellPath = /bin/sh;
			shellScript = "\"${SRCROOT}/Pods/Target Support Files/Pods-TimerReminder/Pods-TimerReminder-frameworks.sh\"\n";
			showEnvVarsInLog = 0;
		};
		F99B17FA1860E2C7543437B5 /* [CP] Check Pods Manifest.lock */ = {
			isa = PBXShellScriptBuildPhase;
			buildActionMask = 2147483647;
			files = (
			);
			inputPaths = (
			);
			name = "[CP] Check Pods Manifest.lock";
			outputPaths = (
			);
			runOnlyForDeploymentPostprocessing = 0;
			shellPath = /bin/sh;
			shellScript = "diff \"${PODS_ROOT}/../Podfile.lock\" \"${PODS_ROOT}/Manifest.lock\" > /dev/null\nif [ $? != 0 ] ; then\n    # print error to STDERR\n    echo \"error: The sandbox is not in sync with the Podfile.lock. Run 'pod install' or update your CocoaPods installation.\" >&2\n    exit 1\nfi\n";
			showEnvVarsInLog = 0;
		};
/* End PBXShellScriptBuildPhase section */

/* Begin PBXSourcesBuildPhase section */
		5A067CB11D4490A500238AF5 /* Sources */ = {
			isa = PBXSourcesBuildPhase;
			buildActionMask = 2147483647;
			files = (
				5A067CBB1D4490A500238AF5 /* TimerViewController.swift in Sources */,
				5A0135A51D470B90008A0F1D /* TimerOptions+CoreDataProperties.swift in Sources */,
				5A067CB91D4490A500238AF5 /* AppDelegate.swift in Sources */,
				5A03F2851D5C45F100723262 /* FormTags.swift in Sources */,
				5A03F2831D5C0D9B00723262 /* Wrappers.swift in Sources */,
				5A03F2811D5AEED600723262 /* TimerFormController.swift in Sources */,
				5A0135A41D470B90008A0F1D /* TimerOptions.swift in Sources */,
				5A9608E71D498728001EE17F /* SetTimerController.swift in Sources */,
				5A03F27F1D5AD34600723262 /* Languages.swift in Sources */,
				5A067CC11D4490A500238AF5 /* TimerReminder.xcdatamodeld in Sources */,
				5A00B5431D519A390074B114 /* CountUpTimer.swift in Sources */,
				5A0135A21D470B90008A0F1D /* Reminder.swift in Sources */,
				5A0316561D5DF6B70034F45F /* TimeIntervalRow.swift in Sources */,
				5A0135A31D470B90008A0F1D /* Reminder+CoreDataProperties.swift in Sources */,
				5A0672931D45ED0F007F7AEB /* CountDownTimer.swift in Sources */,
				5A06728D1D45905D007F7AEB /* Timer.swift in Sources */,
			);
			runOnlyForDeploymentPostprocessing = 0;
		};
/* End PBXSourcesBuildPhase section */

/* Begin PBXVariantGroup section */
		5A067CBC1D4490A500238AF5 /* Main.storyboard */ = {
			isa = PBXVariantGroup;
			children = (
				5A067CBD1D4490A500238AF5 /* Base */,
			);
			name = Main.storyboard;
			sourceTree = "<group>";
		};
		5A067CC41D4490A500238AF5 /* LaunchScreen.storyboard */ = {
			isa = PBXVariantGroup;
			children = (
				5A067CC51D4490A500238AF5 /* Base */,
			);
			name = LaunchScreen.storyboard;
			sourceTree = "<group>";
		};
/* End PBXVariantGroup section */

/* Begin XCBuildConfiguration section */
		5A067CC81D4490A500238AF5 /* Debug */ = {
			isa = XCBuildConfiguration;
			buildSettings = {
				ALWAYS_SEARCH_USER_PATHS = NO;
				CLANG_ANALYZER_NONNULL = YES;
				CLANG_CXX_LANGUAGE_STANDARD = "gnu++0x";
				CLANG_CXX_LIBRARY = "libc++";
				CLANG_ENABLE_MODULES = YES;
				CLANG_ENABLE_OBJC_ARC = YES;
				CLANG_WARN_BOOL_CONVERSION = YES;
				CLANG_WARN_CONSTANT_CONVERSION = YES;
				CLANG_WARN_DIRECT_OBJC_ISA_USAGE = YES_ERROR;
				CLANG_WARN_EMPTY_BODY = YES;
				CLANG_WARN_ENUM_CONVERSION = YES;
				CLANG_WARN_INT_CONVERSION = YES;
				CLANG_WARN_OBJC_ROOT_CLASS = YES_ERROR;
				CLANG_WARN_UNREACHABLE_CODE = YES;
				CLANG_WARN__DUPLICATE_METHOD_MATCH = YES;
				"CODE_SIGN_IDENTITY[sdk=iphoneos*]" = "iPhone Developer";
				COPY_PHASE_STRIP = NO;
				DEBUG_INFORMATION_FORMAT = dwarf;
				ENABLE_STRICT_OBJC_MSGSEND = YES;
				ENABLE_TESTABILITY = YES;
				GCC_C_LANGUAGE_STANDARD = gnu99;
				GCC_DYNAMIC_NO_PIC = NO;
				GCC_NO_COMMON_BLOCKS = YES;
				GCC_OPTIMIZATION_LEVEL = 0;
				GCC_PREPROCESSOR_DEFINITIONS = (
					"DEBUG=1",
					"$(inherited)",
				);
				GCC_WARN_64_TO_32_BIT_CONVERSION = YES;
				GCC_WARN_ABOUT_RETURN_TYPE = YES_ERROR;
				GCC_WARN_UNDECLARED_SELECTOR = YES;
				GCC_WARN_UNINITIALIZED_AUTOS = YES_AGGRESSIVE;
				GCC_WARN_UNUSED_FUNCTION = YES;
				GCC_WARN_UNUSED_VARIABLE = YES;
				IPHONEOS_DEPLOYMENT_TARGET = 9.3;
				MTL_ENABLE_DEBUG_INFO = YES;
				ONLY_ACTIVE_ARCH = YES;
				SDKROOT = iphoneos;
				SWIFT_OPTIMIZATION_LEVEL = "-Onone";
				TARGETED_DEVICE_FAMILY = "1,2";
			};
			name = Debug;
		};
		5A067CC91D4490A500238AF5 /* Release */ = {
			isa = XCBuildConfiguration;
			buildSettings = {
				ALWAYS_SEARCH_USER_PATHS = NO;
				CLANG_ANALYZER_NONNULL = YES;
				CLANG_CXX_LANGUAGE_STANDARD = "gnu++0x";
				CLANG_CXX_LIBRARY = "libc++";
				CLANG_ENABLE_MODULES = YES;
				CLANG_ENABLE_OBJC_ARC = YES;
				CLANG_WARN_BOOL_CONVERSION = YES;
				CLANG_WARN_CONSTANT_CONVERSION = YES;
				CLANG_WARN_DIRECT_OBJC_ISA_USAGE = YES_ERROR;
				CLANG_WARN_EMPTY_BODY = YES;
				CLANG_WARN_ENUM_CONVERSION = YES;
				CLANG_WARN_INT_CONVERSION = YES;
				CLANG_WARN_OBJC_ROOT_CLASS = YES_ERROR;
				CLANG_WARN_UNREACHABLE_CODE = YES;
				CLANG_WARN__DUPLICATE_METHOD_MATCH = YES;
				"CODE_SIGN_IDENTITY[sdk=iphoneos*]" = "iPhone Developer";
				COPY_PHASE_STRIP = NO;
				DEBUG_INFORMATION_FORMAT = "dwarf-with-dsym";
				ENABLE_NS_ASSERTIONS = NO;
				ENABLE_STRICT_OBJC_MSGSEND = YES;
				GCC_C_LANGUAGE_STANDARD = gnu99;
				GCC_NO_COMMON_BLOCKS = YES;
				GCC_WARN_64_TO_32_BIT_CONVERSION = YES;
				GCC_WARN_ABOUT_RETURN_TYPE = YES_ERROR;
				GCC_WARN_UNDECLARED_SELECTOR = YES;
				GCC_WARN_UNINITIALIZED_AUTOS = YES_AGGRESSIVE;
				GCC_WARN_UNUSED_FUNCTION = YES;
				GCC_WARN_UNUSED_VARIABLE = YES;
				IPHONEOS_DEPLOYMENT_TARGET = 9.3;
				MTL_ENABLE_DEBUG_INFO = NO;
				SDKROOT = iphoneos;
				TARGETED_DEVICE_FAMILY = "1,2";
				VALIDATE_PRODUCT = YES;
			};
			name = Release;
		};
		5A067CCB1D4490A500238AF5 /* Debug */ = {
			isa = XCBuildConfiguration;
			baseConfigurationReference = F2B46CF811E1968BC84D25D0 /* Pods-TimerReminder.debug.xcconfig */;
			buildSettings = {
				ASSETCATALOG_COMPILER_APPICON_NAME = AppIcon;
				CODE_SIGN_IDENTITY = "iPhone Developer";
				"CODE_SIGN_IDENTITY[sdk=iphoneos*]" = "iPhone Developer";
				FRAMEWORK_SEARCH_PATHS = (
					"$(inherited)",
					"$(PROJECT_DIR)/build/Debug-iphoneos",
					"$(PROJECT_DIR)/build/Debug-iphoneos/MVSpeechSynthesizer",
					"$(PROJECT_DIR)/build/Debug-iphoneos/Eureka",
				);
				INFOPLIST_FILE = TimerReminder/Info.plist;
				LD_RUNPATH_SEARCH_PATHS = "$(inherited) @executable_path/Frameworks";
				PRODUCT_BUNDLE_IDENTIFIER = com.TimerReminder;
				PRODUCT_NAME = "$(TARGET_NAME)";
				PROVISIONING_PROFILE = "";
			};
			name = Debug;
		};
		5A067CCC1D4490A500238AF5 /* Release */ = {
			isa = XCBuildConfiguration;
			baseConfigurationReference = 3BF493DE68A022FAB9B68EB3 /* Pods-TimerReminder.release.xcconfig */;
			buildSettings = {
				ASSETCATALOG_COMPILER_APPICON_NAME = AppIcon;
				CODE_SIGN_IDENTITY = "iPhone Developer";
				"CODE_SIGN_IDENTITY[sdk=iphoneos*]" = "iPhone Developer";
				FRAMEWORK_SEARCH_PATHS = (
					"$(inherited)",
					"$(PROJECT_DIR)/build/Debug-iphoneos",
					"$(PROJECT_DIR)/build/Debug-iphoneos/MVSpeechSynthesizer",
					"$(PROJECT_DIR)/build/Debug-iphoneos/Eureka",
				);
				INFOPLIST_FILE = TimerReminder/Info.plist;
				LD_RUNPATH_SEARCH_PATHS = "$(inherited) @executable_path/Frameworks";
				PRODUCT_BUNDLE_IDENTIFIER = com.TimerReminder;
				PRODUCT_NAME = "$(TARGET_NAME)";
				PROVISIONING_PROFILE = "";
			};
			name = Release;
		};
/* End XCBuildConfiguration section */

/* Begin XCConfigurationList section */
		5A067CB01D4490A500238AF5 /* Build configuration list for PBXProject "TimerReminder" */ = {
			isa = XCConfigurationList;
			buildConfigurations = (
				5A067CC81D4490A500238AF5 /* Debug */,
				5A067CC91D4490A500238AF5 /* Release */,
			);
			defaultConfigurationIsVisible = 0;
			defaultConfigurationName = Release;
		};
		5A067CCA1D4490A500238AF5 /* Build configuration list for PBXNativeTarget "TimerReminder" */ = {
			isa = XCConfigurationList;
			buildConfigurations = (
				5A067CCB1D4490A500238AF5 /* Debug */,
				5A067CCC1D4490A500238AF5 /* Release */,
			);
			defaultConfigurationIsVisible = 0;
			defaultConfigurationName = Release;
		};
/* End XCConfigurationList section */

/* Begin XCVersionGroup section */
		5A067CBF1D4490A500238AF5 /* TimerReminder.xcdatamodeld */ = {
			isa = XCVersionGroup;
			children = (
				5A067CC01D4490A500238AF5 /* TimerReminder.xcdatamodel */,
			);
			currentVersion = 5A067CC01D4490A500238AF5 /* TimerReminder.xcdatamodel */;
			path = TimerReminder.xcdatamodeld;
			sourceTree = "<group>";
			versionGroupType = wrapper.xcdatamodel;
		};
/* End XCVersionGroup section */
	};
	rootObject = 5A067CAD1D4490A500238AF5 /* Project object */;
}
