PODS:
  - ASToast (1.0.9)
  - Eureka (2.0.1)
  - Firebase/AdMob (4.0.4):
    - Firebase/Core
    - Google-Mobile-Ads-SDK (= 7.21.0)
  - Firebase/Analytics (4.0.4):
    - Firebase/Core
  - Firebase/Core (4.0.4):
    - FirebaseAnalytics (= 4.0.2)
    - FirebaseCore (= 4.0.4)
  - Firebase/Crash (4.0.4):
    - Firebase/Core
    - FirebaseCrash (= 2.0.0)
  - FirebaseAnalytics (4.0.2):
    - FirebaseCore (~> 4.0)
    - FirebaseInstanceID (~> 2.0)
    - GoogleToolboxForMac/NSData+zlib (~> 2.1)
  - FirebaseCore (4.0.4):
    - GoogleToolboxForMac/NSData+zlib (~> 2.1)
    - nanopb (~> 0.3)
  - FirebaseCrash (2.0.0):
    - FirebaseAnalytics (~> 4.0)
    - FirebaseInstanceID (~> 2.0)
    - GoogleToolboxForMac/Logger (~> 2.1)
    - GoogleToolboxForMac/NSData+zlib (~> 2.1)
    - Protobuf (~> 3.1)
  - FirebaseInstanceID (2.0.0):
    - FirebaseCore (~> 4.0)
  - FittableFontLabel (1.4.0)
  - FTPopOverMenu_Swift (0.0.8)
  - Google-Mobile-Ads-SDK (7.21.0)
  - GoogleToolboxForMac/Defines (2.1.1)
  - GoogleToolboxForMac/Logger (2.1.1):
    - GoogleToolboxForMac/Defines (= 2.1.1)
  - GoogleToolboxForMac/NSData+zlib (2.1.1):
    - GoogleToolboxForMac/Defines (= 2.1.1)
  - ImageScrollView (1.3)
  - LTMorphingLabel (0.5.0)
  - MGSwipeTableCell (1.5.6)
  - MLScreenshot (1.0.3)
  - MVSpeechSynthesizer (1.0.1)
  - nanopb (0.3.8):
    - nanopb/decode (= 0.3.8)
    - nanopb/encode (= 0.3.8)
  - nanopb/decode (0.3.8)
  - nanopb/encode (0.3.8)
  - NGORoundedButton (3.1)
  - Protobuf (3.3.0)
  - Result (3.2.3)
  - SCLAlertView (0.7.0)
  - SlideMenuControllerSwift (3.0.1)
  - SwiftyJSON (3.1.4)
  - SwiftyUtils (1.0.0)
  - TrueTime (4.1.1):
    - Result (~> 3.0)

DEPENDENCIES:
  - ASToast
  - Eureka (~> 2.0.0-beta.1)
  - Firebase/AdMob
  - Firebase/Analytics
  - Firebase/Crash
  - FittableFontLabel
  - FTPopOverMenu_Swift
  - ImageScrollView
  - LTMorphingLabel
  - MGSwipeTableCell
  - MLScreenshot
  - MVSpeechSynthesizer
  - NGORoundedButton
  - SCLAlertView
  - SlideMenuControllerSwift
  - SwiftyJSON
  - SwiftyUtils
  - TrueTime

SPEC CHECKSUMS:
  ASToast: 7b0a104bba38264e2525924a6ab60dde972d0c83
  Eureka: ae837bb1dfae0c07bc1bda7aeef87876eeb537c2
  Firebase: 1492bf04e1b73a7353b4fb2cf5a20bac9692f341
  FirebaseAnalytics: ad41720e3e67fc63fbe3d2948d3e26932a8de311
  FirebaseCore: cfc042628ef9f20debe09c0eb683135fcd404cb4
  FirebaseCrash: 600ec2cbd8e10c3064a42de2c6ee7687bd02a076
  FirebaseInstanceID: 9fbf536668f4d3f0880e7438456dabd1376e294b
  FittableFontLabel: 20502441e83bb41eb8b41611cca91af85c4e21e3
  FTPopOverMenu_Swift: 08f9a712c63811f675fe0b604c792e46246e00d9
  Google-Mobile-Ads-SDK: 4a6f1b43c8cc0e1e95a3b59d9f52a01671c6f9f3
  GoogleToolboxForMac: 8e329f1b599f2512c6b10676d45736bcc2cbbeb0
  ImageScrollView: 2f2d7139fb5a7d0c0b021eb8b086d8c3dc54c233
  LTMorphingLabel: bc170be74b219b7dae0e5543a44676d16da70ff7
  MGSwipeTableCell: 616700eb0ffd1c611ba909066cb7fd739790a0a7
  MLScreenshot: 09b476048a115b1f34a2e7347bb8d473b62682bd
  MVSpeechSynthesizer: d4deb5221bff17dfda644298497be3b4fa189040
  nanopb: 22bc080fa3955e2116b6ff3ee6c2cb3c15ab97cb
  NGORoundedButton: dd1e7a293ccc16e0f5c073ba9be62b0fb8b8d496
  Protobuf: d582fecf68201eac3d79ed61369ef45734394b9c
  Result: 128640a6347e8d2ae48b142556739a2d13f90ce6
  SCLAlertView: 8a14ffc40590c619e183eed2298b854385f30be1
  SlideMenuControllerSwift: 9a163b16d54afab734add42858cba7ef7c307755
  SwiftyJSON: c2842d878f95482ffceec5709abc3d05680c0220
  SwiftyUtils: f48a22d2fa8eece42a11d8bbb4d01a9758dd0602
  TrueTime: 22bd3a6c9e9ce75e62e2c1a6b39d7cf290f7b78f

PODFILE CHECKSUM: 2f3d085030043b7dc93d425c544bfbf58efe7394

COCOAPODS: 1.1.0.beta.1
